
Microsoft Visual Studio Solution File, Format Version 12.00
# Visual Studio Version 16
VisualStudioVersion = 16.0.31424.327
MinimumVisualStudioVersion = 10.0.40219.1
Project("{2150E333-8FDC-42A3-9474-1A3956D46DE8}") = "Services", "Services", "{4F07DDC9-DFD2-4144-AAF6-47F6B0E01C51}"
EndProject
Project("{2150E333-8FDC-42A3-9474-1A3956D46DE8}") = "Catalog", "Catalog", "{A939F649-E45F-4DDF-AA21-F9691B97FC74}"
EndProject
Project("{FAE04EC0-301F-11D3-BF4B-00C04F79EFBC}") = "Catalog.Api", "Services\Catalog\Catalog.Api\Catalog.Api.csproj", "{70057C86-CA0C-4CCF-A668-21BB1238CF40}"
EndProject
Project("{E53339B2-1760-4266-BCC7-CA923CBCF16C}") = "docker-compose", "docker-compose.dcproj", "{B67D7BEA-4F71-42E2-81AF-EE88B08FA1E8}"
EndProject
Project("{2150E333-8FDC-42A3-9474-1A3956D46DE8}") = "Basket", "Basket", "{DAE39FD5-77F5-43CC-9CB0-2CF365B55D30}"
EndProject
Project("{FAE04EC0-301F-11D3-BF4B-00C04F79EFBC}") = "Basket.Api", "Services\Basket\Basket.Api\Basket.Api.csproj", "{17F189D0-7182-454E-91A9-ADA223CF049E}"
EndProject
Global
	GlobalSection(SolutionConfigurationPlatforms) = preSolution
		Debug|Any CPU = Debug|Any CPU
		Release|Any CPU = Release|Any CPU
	EndGlobalSection
	GlobalSection(ProjectConfigurationPlatforms) = postSolution
		{70057C86-CA0C-4CCF-A668-21BB1238CF40}.Debug|Any CPU.ActiveCfg = Debug|Any CPU
		{70057C86-CA0C-4CCF-A668-21BB1238CF40}.Debug|Any CPU.Build.0 = Debug|Any CPU
		{70057C86-CA0C-4CCF-A668-21BB1238CF40}.Release|Any CPU.ActiveCfg = Release|Any CPU
		{70057C86-CA0C-4CCF-A668-21BB1238CF40}.Release|Any CPU.Build.0 = Release|Any CPU
		{B67D7BEA-4F71-42E2-81AF-EE88B08FA1E8}.Debug|Any CPU.ActiveCfg = Debug|Any CPU
		{B67D7BEA-4F71-42E2-81AF-EE88B08FA1E8}.Debug|Any CPU.Build.0 = Debug|Any CPU
		{B67D7BEA-4F71-42E2-81AF-EE88B08FA1E8}.Release|Any CPU.ActiveCfg = Release|Any CPU
		{B67D7BEA-4F71-42E2-81AF-EE88B08FA1E8}.Release|Any CPU.Build.0 = Release|Any CPU
		{17F189D0-7182-454E-91A9-ADA223CF049E}.Debug|Any CPU.ActiveCfg = Debug|Any CPU
		{17F189D0-7182-454E-91A9-ADA223CF049E}.Debug|Any CPU.Build.0 = Debug|Any CPU
		{17F189D0-7182-454E-91A9-ADA223CF049E}.Release|Any CPU.ActiveCfg = Release|Any CPU
		{17F189D0-7182-454E-91A9-ADA223CF049E}.Release|Any CPU.Build.0 = Release|Any CPU
	EndGlobalSection
	GlobalSection(SolutionProperties) = preSolution
		HideSolutionNode = FALSE
	EndGlobalSection
	GlobalSection(NestedProjects) = preSolution
		{A939F649-E45F-4DDF-AA21-F9691B97FC74} = {4F07DDC9-DFD2-4144-AAF6-47F6B0E01C51}
		{70057C86-CA0C-4CCF-A668-21BB1238CF40} = {A939F649-E45F-4DDF-AA21-F9691B97FC74}
		{DAE39FD5-77F5-43CC-9CB0-2CF365B55D30} = {4F07DDC9-DFD2-4144-AAF6-47F6B0E01C51}
		{17F189D0-7182-454E-91A9-ADA223CF049E} = {DAE39FD5-77F5-43CC-9CB0-2CF365B55D30}
	EndGlobalSection
	GlobalSection(ExtensibilityGlobals) = postSolution
		SolutionGuid = {3D97E203-A65F-41A6-8512-964BAD504971}
	EndGlobalSection
EndGlobal
